
Microsoft Visual Studio Solution File, Format Version 12.00
# Visual Studio Version 17
VisualStudioVersion = 17.0.32112.339
MinimumVisualStudioVersion = 10.0.40219.1
Project("{FAE04EC0-301F-11D3-BF4B-00C04F79EFBC}") = "spiral", "espiral\spiral.csproj", "{4739BB36-F40B-4423-9A0D-2B5B30FBFFAF}"
EndProject
Global
	GlobalSection(SolutionConfigurationPlatforms) = preSolution
		Debug|Any CPU = Debug|Any CPU
		Release|Any CPU = Release|Any CPU
	EndGlobalSection
	GlobalSection(ProjectConfigurationPlatforms) = postSolution
		{4739BB36-F40B-4423-9A0D-2B5B30FBFFAF}.Debug|Any CPU.ActiveCfg = Debug|Any CPU
		{4739BB36-F40B-4423-9A0D-2B5B30FBFFAF}.Debug|Any CPU.Build.0 = Debug|Any CPU
		{4739BB36-F40B-4423-9A0D-2B5B30FBFFAF}.Release|Any CPU.ActiveCfg = Release|Any CPU
		{4739BB36-F40B-4423-9A0D-2B5B30FBFFAF}.Release|Any CPU.Build.0 = Release|Any CPU
	EndGlobalSection
	GlobalSection(SolutionProperties) = preSolution
		HideSolutionNode = FALSE
	EndGlobalSection
	GlobalSection(ExtensibilityGlobals) = postSolution
		SolutionGuid = {6820B9C8-9736-46A8-BE96-4333145D7696}
	EndGlobalSection
EndGlobal
